
Microsoft Visual Studio Solution File, Format Version 12.00
# Visual Studio Version 16
VisualStudioVersion = 16.0.30225.117
MinimumVisualStudioVersion = 10.0.40219.1
Project("{FAE04EC0-301F-11D3-BF4B-00C04F79EFBC}") = "ActivityPub.Net", "ActivityPub.Net\ActivityPub.Net.csproj", "{B24EFE36-78E0-44F7-9C61-B4B5F3440361}"
EndProject
Project("{FAE04EC0-301F-11D3-BF4B-00C04F79EFBC}") = "ActivityPub.Net.Unittest", "ActivityPub.Net.Unittest\ActivityPub.Net.Unittest.csproj", "{6907DE83-18FD-4F32-BA46-DAAE8E2D4E61}"
EndProject
Global
	GlobalSection(SolutionConfigurationPlatforms) = preSolution
		Debug|Any CPU = Debug|Any CPU
		Release|Any CPU = Release|Any CPU
	EndGlobalSection
	GlobalSection(ProjectConfigurationPlatforms) = postSolution
		{B24EFE36-78E0-44F7-9C61-B4B5F3440361}.Debug|Any CPU.ActiveCfg = Debug|Any CPU
		{B24EFE36-78E0-44F7-9C61-B4B5F3440361}.Debug|Any CPU.Build.0 = Debug|Any CPU
		{B24EFE36-78E0-44F7-9C61-B4B5F3440361}.Release|Any CPU.ActiveCfg = Release|Any CPU
		{B24EFE36-78E0-44F7-9C61-B4B5F3440361}.Release|Any CPU.Build.0 = Release|Any CPU
		{6907DE83-18FD-4F32-BA46-DAAE8E2D4E61}.Debug|Any CPU.ActiveCfg = Debug|Any CPU
		{6907DE83-18FD-4F32-BA46-DAAE8E2D4E61}.Debug|Any CPU.Build.0 = Debug|Any CPU
		{6907DE83-18FD-4F32-BA46-DAAE8E2D4E61}.Release|Any CPU.ActiveCfg = Release|Any CPU
		{6907DE83-18FD-4F32-BA46-DAAE8E2D4E61}.Release|Any CPU.Build.0 = Release|Any CPU
	EndGlobalSection
	GlobalSection(SolutionProperties) = preSolution
		HideSolutionNode = FALSE
	EndGlobalSection
	GlobalSection(ExtensibilityGlobals) = postSolution
		SolutionGuid = {2132570E-6934-47C0-BBED-2867DAC99A21}
	EndGlobalSection
EndGlobal
